
Microsoft Visual Studio Solution File, Format Version 12.00
# Visual Studio Version 17
VisualStudioVersion = 17.10.35122.118
MinimumVisualStudioVersion = 10.0.40219.1
Project("{FAE04EC0-301F-11D3-BF4B-00C04F79EFBC}") = "CodeFirstRelation", "CodeFirstRelation\CodeFirstRelation.csproj", "{1891FBF3-4963-4C28-ABFD-AEE37BE94468}"
EndProject
Global
	GlobalSection(SolutionConfigurationPlatforms) = preSolution
		Debug|Any CPU = Debug|Any CPU
		Release|Any CPU = Release|Any CPU
	EndGlobalSection
	GlobalSection(ProjectConfigurationPlatforms) = postSolution
		{1891FBF3-4963-4C28-ABFD-AEE37BE94468}.Debug|Any CPU.ActiveCfg = Debug|Any CPU
		{1891FBF3-4963-4C28-ABFD-AEE37BE94468}.Debug|Any CPU.Build.0 = Debug|Any CPU
		{1891FBF3-4963-4C28-ABFD-AEE37BE94468}.Release|Any CPU.ActiveCfg = Release|Any CPU
		{1891FBF3-4963-4C28-ABFD-AEE37BE94468}.Release|Any CPU.Build.0 = Release|Any CPU
	EndGlobalSection
	GlobalSection(SolutionProperties) = preSolution
		HideSolutionNode = FALSE
	EndGlobalSection
	GlobalSection(ExtensibilityGlobals) = postSolution
		SolutionGuid = {D5C21D2C-7C9D-4E17-B08D-A39DEB48D89A}
	EndGlobalSection
EndGlobal
